// !$*UTF8*$!
{
	archiveVersion = 1;
	classes = {
	};
	objectVersion = 46;
	objects = {

/* Begin PBXBuildFile section */
		2C41F08D1E6002E700C90DCA /* Main.storyboard in Resources */ = {isa = PBXBuildFile; fileRef = 2C41F08C1E6002E700C90DCA /* Main.storyboard */; };
		2C56EFA91E5FEC8A00298C7B /* ChatViewController.swift in Sources */ = {isa = PBXBuildFile; fileRef = 2C56EFA81E5FEC8A00298C7B /* ChatViewController.swift */; };
		2C56EFAB1E5FF46900298C7B /* Message.swift in Sources */ = {isa = PBXBuildFile; fileRef = 2C56EFAA1E5FF46900298C7B /* Message.swift */; };
		2C56EFAD1E5FF95600298C7B /* MessageCell.swift in Sources */ = {isa = PBXBuildFile; fileRef = 2C56EFAC1E5FF95600298C7B /* MessageCell.swift */; };
		2CD339561E5FEAA1001237AC /* AppDelegate.swift in Sources */ = {isa = PBXBuildFile; fileRef = 2CD339551E5FEAA1001237AC /* AppDelegate.swift */; };
		2CD339581E5FEAA1001237AC /* LoginViewController.swift in Sources */ = {isa = PBXBuildFile; fileRef = 2CD339571E5FEAA1001237AC /* LoginViewController.swift */; };
		2CD3395D1E5FEAA1001237AC /* Assets.xcassets in Resources */ = {isa = PBXBuildFile; fileRef = 2CD3395C1E5FEAA1001237AC /* Assets.xcassets */; };
		2CD339601E5FEAA1001237AC /* LaunchScreen.storyboard in Resources */ = {isa = PBXBuildFile; fileRef = 2CD3395E1E5FEAA1001237AC /* LaunchScreen.storyboard */; };
		4570A65573406071A3D92418 /* Pods_ParseChat.framework in Frameworks */ = {isa = PBXBuildFile; fileRef = 100D5F130247DDF9B5CCDDA6 /* Pods_ParseChat.framework */; };
/* End PBXBuildFile section */

/* Begin PBXFileReference section */
		100D5F130247DDF9B5CCDDA6 /* Pods_ParseChat.framework */ = {isa = PBXFileReference; explicitFileType = wrapper.framework; includeInIndex = 0; path = Pods_ParseChat.framework; sourceTree = BUILT_PRODUCTS_DIR; };
		2C41F08C1E6002E700C90DCA /* Main.storyboard */ = {isa = PBXFileReference; fileEncoding = 4; lastKnownFileType = file.storyboard; path = Main.storyboard; sourceTree = "<group>"; };
		2C56EFA81E5FEC8A00298C7B /* ChatViewController.swift */ = {isa = PBXFileReference; fileEncoding = 4; lastKnownFileType = sourcecode.swift; path = ChatViewController.swift; sourceTree = "<group>"; };
		2C56EFAA1E5FF46900298C7B /* Message.swift */ = {isa = PBXFileReference; fileEncoding = 4; lastKnownFileType = sourcecode.swift; path = Message.swift; sourceTree = "<group>"; };
		2C56EFAC1E5FF95600298C7B /* MessageCell.swift */ = {isa = PBXFileReference; fileEncoding = 4; lastKnownFileType = sourcecode.swift; path = MessageCell.swift; sourceTree = "<group>"; };
		2CD339521E5FEAA1001237AC /* ParseChat.app */ = {isa = PBXFileReference; explicitFileType = wrapper.application; includeInIndex = 0; path = ParseChat.app; sourceTree = BUILT_PRODUCTS_DIR; };
		2CD339551E5FEAA1001237AC /* AppDelegate.swift */ = {isa = PBXFileReference; lastKnownFileType = sourcecode.swift; path = AppDelegate.swift; sourceTree = "<group>"; };
		2CD339571E5FEAA1001237AC /* LoginViewController.swift */ = {isa = PBXFileReference; lastKnownFileType = sourcecode.swift; path = LoginViewController.swift; sourceTree = "<group>"; };
		2CD3395C1E5FEAA1001237AC /* Assets.xcassets */ = {isa = PBXFileReference; lastKnownFileType = folder.assetcatalog; path = Assets.xcassets; sourceTree = "<group>"; };
		2CD3395F1E5FEAA1001237AC /* Base */ = {isa = PBXFileReference; lastKnownFileType = file.storyboard; name = Base; path = Base.lproj/LaunchScreen.storyboard; sourceTree = "<group>"; };
		2CD339611E5FEAA1001237AC /* Info.plist */ = {isa = PBXFileReference; lastKnownFileType = text.plist.xml; path = Info.plist; sourceTree = "<group>"; };
		3B71148BEB465BFF2B2D2B45 /* Pods-ParseChat.release.xcconfig */ = {isa = PBXFileReference; includeInIndex = 1; lastKnownFileType = text.xcconfig; name = "Pods-ParseChat.release.xcconfig"; path = "Pods/Target Support Files/Pods-ParseChat/Pods-ParseChat.release.xcconfig"; sourceTree = "<group>"; };
		53C6FB89775BCB181485E780 /* Pods-ParseChat.debug.xcconfig */ = {isa = PBXFileReference; includeInIndex = 1; lastKnownFileType = text.xcconfig; name = "Pods-ParseChat.debug.xcconfig"; path = "Pods/Target Support Files/Pods-ParseChat/Pods-ParseChat.debug.xcconfig"; sourceTree = "<group>"; };
/* End PBXFileReference section */

/* Begin PBXFrameworksBuildPhase section */
		2CD3394F1E5FEAA1001237AC /* Frameworks */ = {
			isa = PBXFrameworksBuildPhase;
			buildActionMask = 2147483647;
			files = (
				4570A65573406071A3D92418 /* Pods_ParseChat.framework in Frameworks */,
			);
			runOnlyForDeploymentPostprocessing = 0;
		};
/* End PBXFrameworksBuildPhase section */

/* Begin PBXGroup section */
		010E6B8A4BDE781D8734C099 /* Frameworks */ = {
			isa = PBXGroup;
			children = (
				100D5F130247DDF9B5CCDDA6 /* Pods_ParseChat.framework */,
			);
			name = Frameworks;
			sourceTree = "<group>";
		};
		2CD339491E5FEAA1001237AC = {
			isa = PBXGroup;
			children = (
				2CD339541E5FEAA1001237AC /* ParseChat */,
				2CD339531E5FEAA1001237AC /* Products */,
				81E471AE6B4F8A7D36E74F5A /* Pods */,
				010E6B8A4BDE781D8734C099 /* Frameworks */,
			);
			sourceTree = "<group>";
		};
		2CD339531E5FEAA1001237AC /* Products */ = {
			isa = PBXGroup;
			children = (
				2CD339521E5FEAA1001237AC /* ParseChat.app */,
			);
			name = Products;
			sourceTree = "<group>";
		};
		2CD339541E5FEAA1001237AC /* ParseChat */ = {
			isa = PBXGroup;
			children = (
				2CD339551E5FEAA1001237AC /* AppDelegate.swift */,
				2CD339571E5FEAA1001237AC /* LoginViewController.swift */,
				2CD3395C1E5FEAA1001237AC /* Assets.xcassets */,
				2CD3395E1E5FEAA1001237AC /* LaunchScreen.storyboard */,
				2C41F08C1E6002E700C90DCA /* Main.storyboard */,
				2CD339611E5FEAA1001237AC /* Info.plist */,
				2C56EFA81E5FEC8A00298C7B /* ChatViewController.swift */,
				2C56EFAA1E5FF46900298C7B /* Message.swift */,
				2C56EFAC1E5FF95600298C7B /* MessageCell.swift */,
			);
			path = ParseChat;
			sourceTree = "<group>";
		};
		81E471AE6B4F8A7D36E74F5A /* Pods */ = {
			isa = PBXGroup;
			children = (
				53C6FB89775BCB181485E780 /* Pods-ParseChat.debug.xcconfig */,
				3B71148BEB465BFF2B2D2B45 /* Pods-ParseChat.release.xcconfig */,
			);
			name = Pods;
			sourceTree = "<group>";
		};
/* End PBXGroup section */

/* Begin PBXNativeTarget section */
		2CD339511E5FEAA1001237AC /* ParseChat */ = {
			isa = PBXNativeTarget;
			buildConfigurationList = 2CD339641E5FEAA1001237AC /* Build configuration list for PBXNativeTarget "ParseChat" */;
			buildPhases = (
				DFCC2B666496C964DADFA31D /* [CP] Check Pods Manifest.lock */,
				2CD3394E1E5FEAA1001237AC /* Sources */,
				2CD3394F1E5FEAA1001237AC /* Frameworks */,
				2CD339501E5FEAA1001237AC /* Resources */,
				604B306AE4E148EA8B2E81A9 /* [CP] Embed Pods Frameworks */,
				9383655EB1F3D1990A194063 /* [CP] Copy Pods Resources */,
			);
			buildRules = (
			);
			dependencies = (
			);
			name = ParseChat;
			productName = ParseChat;
			productReference = 2CD339521E5FEAA1001237AC /* ParseChat.app */;
			productType = "com.apple.product-type.application";
		};
/* End PBXNativeTarget section */

/* Begin PBXProject section */
		2CD3394A1E5FEAA1001237AC /* Project object */ = {
			isa = PBXProject;
			attributes = {
				LastSwiftUpdateCheck = 0820;
				LastUpgradeCheck = 0820;
				ORGANIZATIONNAME = "Sandeep Raghunandhan";
				TargetAttributes = {
					2CD339511E5FEAA1001237AC = {
						CreatedOnToolsVersion = 8.2.1;
						DevelopmentTeam = 2SP49XQ42W;
						ProvisioningStyle = Automatic;
					};
				};
			};
			buildConfigurationList = 2CD3394D1E5FEAA1001237AC /* Build configuration list for PBXProject "ParseChat" */;
			compatibilityVersion = "Xcode 3.2";
			developmentRegion = English;
			hasScannedForEncodings = 0;
			knownRegions = (
				en,
				Base,
			);
			mainGroup = 2CD339491E5FEAA1001237AC;
			productRefGroup = 2CD339531E5FEAA1001237AC /* Products */;
			projectDirPath = "";
			projectRoot = "";
			targets = (
				2CD339511E5FEAA1001237AC /* ParseChat */,
			);
		};
/* End PBXProject section */

/* Begin PBXResourcesBuildPhase section */
		2CD339501E5FEAA1001237AC /* Resources */ = {
			isa = PBXResourcesBuildPhase;
			buildActionMask = 2147483647;
			files = (
				2CD339601E5FEAA1001237AC /* LaunchScreen.storyboard in Resources */,
				2CD3395D1E5FEAA1001237AC /* Assets.xcassets in Resources */,
				2C41F08D1E6002E700C90DCA /* Main.storyboard in Resources */,
			);
			runOnlyForDeploymentPostprocessing = 0;
		};
/* End PBXResourcesBuildPhase section */

/* Begin PBXShellScriptBuildPhase section */
		604B306AE4E148EA8B2E81A9 /* [CP] Embed Pods Frameworks */ = {
			isa = PBXShellScriptBuildPhase;
			buildActionMask = 2147483647;
			files = (
			);
			inputPaths = (
			);
			name = "[CP] Embed Pods Frameworks";
			outputPaths = (
			);
			runOnlyForDeploymentPostprocessing = 0;
			shellPath = /bin/sh;
			shellScript = "\"${SRCROOT}/Pods/Target Support Files/Pods-ParseChat/Pods-ParseChat-frameworks.sh\"\n";
			showEnvVarsInLog = 0;
		};
		9383655EB1F3D1990A194063 /* [CP] Copy Pods Resources */ = {
			isa = PBXShellScriptBuildPhase;
			buildActionMask = 2147483647;
			files = (
			);
			inputPaths = (
			);
			name = "[CP] Copy Pods Resources";
			outputPaths = (
			);
			runOnlyForDeploymentPostprocessing = 0;
			shellPath = /bin/sh;
			shellScript = "\"${SRCROOT}/Pods/Target Support Files/Pods-ParseChat/Pods-ParseChat-resources.sh\"\n";
			showEnvVarsInLog = 0;
		};
		DFCC2B666496C964DADFA31D /* [CP] Check Pods Manifest.lock */ = {
			isa = PBXShellScriptBuildPhase;
			buildActionMask = 2147483647;
			files = (
			);
			inputPaths = (
			);
			name = "[CP] Check Pods Manifest.lock";
			outputPaths = (
			);
			runOnlyForDeploymentPostprocessing = 0;
			shellPath = /bin/sh;
			shellScript = "diff \"${PODS_ROOT}/../Podfile.lock\" \"${PODS_ROOT}/Manifest.lock\" > /dev/null\nif [ $? != 0 ] ; then\n    # print error to STDERR\n    echo \"error: The sandbox is not in sync with the Podfile.lock. Run 'pod install' or update your CocoaPods installation.\" >&2\n    exit 1\nfi\n";
			showEnvVarsInLog = 0;
		};
/* End PBXShellScriptBuildPhase section */

/* Begin PBXSourcesBuildPhase section */
		2CD3394E1E5FEAA1001237AC /* Sources */ = {
			isa = PBXSourcesBuildPhase;
			buildActionMask = 2147483647;
			files = (
				2CD339581E5FEAA1001237AC /* LoginViewController.swift in Sources */,
				2C56EFAD1E5FF95600298C7B /* MessageCell.swift in Sources */,
				2C56EFAB1E5FF46900298C7B /* Message.swift in Sources */,
				2C56EFA91E5FEC8A00298C7B /* ChatViewController.swift in Sources */,
				2CD339561E5FEAA1001237AC /* AppDelegate.swift in Sources */,
			);
			runOnlyForDeploymentPostprocessing = 0;
		};
/* End PBXSourcesBuildPhase section */

/* Begin PBXVariantGroup section */
		2CD3395E1E5FEAA1001237AC /* LaunchScreen.storyboard */ = {
			isa = PBXVariantGroup;
			children = (
				2CD3395F1E5FEAA1001237AC /* Base */,
			);
			name = LaunchScreen.storyboard;
			sourceTree = "<group>";
		};
/* End PBXVariantGroup section */

/* Begin XCBuildConfiguration section */
		2CD339621E5FEAA1001237AC /* Debug */ = {
			isa = XCBuildConfiguration;
			buildSettings = {
				ALWAYS_SEARCH_USER_PATHS = NO;
				CLANG_ANALYZER_NONNULL = YES;
				CLANG_CXX_LANGUAGE_STANDARD = "gnu++0x";
				CLANG_CXX_LIBRARY = "libc++";
				CLANG_ENABLE_MODULES = YES;
				CLANG_ENABLE_OBJC_ARC = YES;
				CLANG_WARN_BOOL_CONVERSION = YES;
				CLANG_WARN_CONSTANT_CONVERSION = YES;
				CLANG_WARN_DIRECT_OBJC_ISA_USAGE = YES_ERROR;
				CLANG_WARN_DOCUMENTATION_COMMENTS = YES;
				CLANG_WARN_EMPTY_BODY = YES;
				CLANG_WARN_ENUM_CONVERSION = YES;
				CLANG_WARN_INFINITE_RECURSION = YES;
				CLANG_WARN_INT_CONVERSION = YES;
				CLANG_WARN_OBJC_ROOT_CLASS = YES_ERROR;
				CLANG_WARN_SUSPICIOUS_MOVE = YES;
				CLANG_WARN_UNREACHABLE_CODE = YES;
				CLANG_WARN__DUPLICATE_METHOD_MATCH = YES;
				"CODE_SIGN_IDENTITY[sdk=iphoneos*]" = "iPhone Developer";
				COPY_PHASE_STRIP = NO;
				DEBUG_INFORMATION_FORMAT = dwarf;
				ENABLE_STRICT_OBJC_MSGSEND = YES;
				ENABLE_TESTABILITY = YES;
				GCC_C_LANGUAGE_STANDARD = gnu99;
				GCC_DYNAMIC_NO_PIC = NO;
				GCC_NO_COMMON_BLOCKS = YES;
				GCC_OPTIMIZATION_LEVEL = 0;
				GCC_PREPROCESSOR_DEFINITIONS = (
					"DEBUG=1",
					"$(inherited)",
				);
				GCC_WARN_64_TO_32_BIT_CONVERSION = YES;
				GCC_WARN_ABOUT_RETURN_TYPE = YES_ERROR;
				GCC_WARN_UNDECLARED_SELECTOR = YES;
				GCC_WARN_UNINITIALIZED_AUTOS = YES_AGGRESSIVE;
				GCC_WARN_UNUSED_FUNCTION = YES;
				GCC_WARN_UNUSED_VARIABLE = YES;
				IPHONEOS_DEPLOYMENT_TARGET = 10.2;
				MTL_ENABLE_DEBUG_INFO = YES;
				ONLY_ACTIVE_ARCH = YES;
				SDKROOT = iphoneos;
				SWIFT_ACTIVE_COMPILATION_CONDITIONS = DEBUG;
				SWIFT_OPTIMIZATION_LEVEL = "-Onone";
			};
			name = Debug;
		};
		2CD339631E5FEAA1001237AC /* Release */ = {
			isa = XCBuildConfiguration;
			buildSettings = {
				ALWAYS_SEARCH_USER_PATHS = NO;
				CLANG_ANALYZER_NONNULL = YES;
				CLANG_CXX_LANGUAGE_STANDARD = "gnu++0x";
				CLANG_CXX_LIBRARY = "libc++";
				CLANG_ENABLE_MODULES = YES;
				CLANG_ENABLE_OBJC_ARC = YES;
				CLANG_WARN_BOOL_CONVERSION = YES;
				CLANG_WARN_CONSTANT_CONVERSION = YES;
				CLANG_WARN_DIRECT_OBJC_ISA_USAGE = YES_ERROR;
				CLANG_WARN_DOCUMENTATION_COMMENTS = YES;
				CLANG_WARN_EMPTY_BODY = YES;
				CLANG_WARN_ENUM_CONVERSION = YES;
				CLANG_WARN_INFINITE_RECURSION = YES;
				CLANG_WARN_INT_CONVERSION = YES;
				CLANG_WARN_OBJC_ROOT_CLASS = YES_ERROR;
				CLANG_WARN_SUSPICIOUS_MOVE = YES;
				CLANG_WARN_UNREACHABLE_CODE = YES;
				CLANG_WARN__DUPLICATE_METHOD_MATCH = YES;
				"CODE_SIGN_IDENTITY[sdk=iphoneos*]" = "iPhone Developer";
				COPY_PHASE_STRIP = NO;
				DEBUG_INFORMATION_FORMAT = "dwarf-with-dsym";
				ENABLE_NS_ASSERTIONS = NO;
				ENABLE_STRICT_OBJC_MSGSEND = YES;
				GCC_C_LANGUAGE_STANDARD = gnu99;
				GCC_NO_COMMON_BLOCKS = YES;
				GCC_WARN_64_TO_32_BIT_CONVERSION = YES;
				GCC_WARN_ABOUT_RETURN_TYPE = YES_ERROR;
				GCC_WARN_UNDECLARED_SELECTOR = YES;
				GCC_WARN_UNINITIALIZED_AUTOS = YES_AGGRESSIVE;
				GCC_WARN_UNUSED_FUNCTION = YES;
				GCC_WARN_UNUSED_VARIABLE = YES;
				IPHONEOS_DEPLOYMENT_TARGET = 10.2;
				MTL_ENABLE_DEBUG_INFO = NO;
				SDKROOT = iphoneos;
				SWIFT_OPTIMIZATION_LEVEL = "-Owholemodule";
				VALIDATE_PRODUCT = YES;
			};
			name = Release;
		};
		2CD339651E5FEAA1001237AC /* Debug */ = {
			isa = XCBuildConfiguration;
			baseConfigurationReference = 53C6FB89775BCB181485E780 /* Pods-ParseChat.debug.xcconfig */;
			buildSettings = {
				ASSETCATALOG_COMPILER_APPICON_NAME = AppIcon;
				DEVELOPMENT_TEAM = 2SP49XQ42W;
				INFOPLIST_FILE = ParseChat/Info.plist;
				LD_RUNPATH_SEARCH_PATHS = "$(inherited) @executable_path/Frameworks";
				PRODUCT_BUNDLE_IDENTIFIER = com.sandeepraghu.ParseChat;
				PRODUCT_NAME = "$(TARGET_NAME)";
				SWIFT_VERSION = 3.0;
			};
			name = Debug;
		};
		2CD339661E5FEAA1001237AC /* Release */ = {
			isa = XCBuildConfiguration;
			baseConfigurationReference = 3B71148BEB465BFF2B2D2B45 /* Pods-ParseChat.release.xcconfig */;
			buildSettings = {
				ASSETCATALOG_COMPILER_APPICON_NAME = AppIcon;
				DEVELOPMENT_TEAM = 2SP49XQ42W;
				INFOPLIST_FILE = ParseChat/Info.plist;
				LD_RUNPATH_SEARCH_PATHS = "$(inherited) @executable_path/Frameworks";
				PRODUCT_BUNDLE_IDENTIFIER = com.sandeepraghu.ParseChat;
				PRODUCT_NAME = "$(TARGET_NAME)";
				SWIFT_VERSION = 3.0;
			};
			name = Release;
		};
/* End XCBuildConfiguration section */

/* Begin XCConfigurationList section */
		2CD3394D1E5FEAA1001237AC /* Build configuration list for PBXProject "ParseChat" */ = {
			isa = XCConfigurationList;
			buildConfigurations = (
				2CD339621E5FEAA1001237AC /* Debug */,
				2CD339631E5FEAA1001237AC /* Release */,
			);
			defaultConfigurationIsVisible = 0;
			defaultConfigurationName = Release;
		};
		2CD339641E5FEAA1001237AC /* Build configuration list for PBXNativeTarget "ParseChat" */ = {
			isa = XCConfigurationList;
			buildConfigurations = (
				2CD339651E5FEAA1001237AC /* Debug */,
				2CD339661E5FEAA1001237AC /* Release */,
			);
			defaultConfigurationIsVisible = 0;
			defaultConfigurationName = Release;
		};
/* End XCConfigurationList section */
	};
	rootObject = 2CD3394A1E5FEAA1001237AC /* Project object */;
}
